
Microsoft Visual Studio Solution File, Format Version 12.00
# Visual Studio Version 16
VisualStudioVersion = 16.0.32228.343
MinimumVisualStudioVersion = 10.0.40219.1
Project("{FAE04EC0-301F-11D3-BF4B-00C04F79EFBC}") = "StructChallenge", "StructChallenge.csproj", "{1D87D506-A91C-48D3-894E-BB6DA1BE15A0}"
EndProject
Global
	GlobalSection(SolutionConfigurationPlatforms) = preSolution
		Debug|Any CPU = Debug|Any CPU
		Release|Any CPU = Release|Any CPU
	EndGlobalSection
	GlobalSection(ProjectConfigurationPlatforms) = postSolution
		{1D87D506-A91C-48D3-894E-BB6DA1BE15A0}.Debug|Any CPU.ActiveCfg = Debug|Any CPU
		{1D87D506-A91C-48D3-894E-BB6DA1BE15A0}.Debug|Any CPU.Build.0 = Debug|Any CPU
		{1D87D506-A91C-48D3-894E-BB6DA1BE15A0}.Release|Any CPU.ActiveCfg = Release|Any CPU
		{1D87D506-A91C-48D3-894E-BB6DA1BE15A0}.Release|Any CPU.Build.0 = Release|Any CPU
	EndGlobalSection
	GlobalSection(SolutionProperties) = preSolution
		HideSolutionNode = FALSE
	EndGlobalSection
	GlobalSection(ExtensibilityGlobals) = postSolution
		SolutionGuid = {602989F0-6723-4A3D-B438-E85E356B0513}
	EndGlobalSection
EndGlobal
