
Microsoft Visual Studio Solution File, Format Version 12.00
# Visual Studio Version 16
VisualStudioVersion = 16.0.32126.315
MinimumVisualStudioVersion = 10.0.40219.1
Project("{FAE04EC0-301F-11D3-BF4B-00C04F79EFBC}") = "BooleanLogic", "BooleanLogic.csproj", "{E844D06C-195C-456E-A033-EAE8A1ECF126}"
EndProject
Global
	GlobalSection(SolutionConfigurationPlatforms) = preSolution
		Debug|Any CPU = Debug|Any CPU
		Release|Any CPU = Release|Any CPU
	EndGlobalSection
	GlobalSection(ProjectConfigurationPlatforms) = postSolution
		{E844D06C-195C-456E-A033-EAE8A1ECF126}.Debug|Any CPU.ActiveCfg = Debug|Any CPU
		{E844D06C-195C-456E-A033-EAE8A1ECF126}.Debug|Any CPU.Build.0 = Debug|Any CPU
		{E844D06C-195C-456E-A033-EAE8A1ECF126}.Release|Any CPU.ActiveCfg = Release|Any CPU
		{E844D06C-195C-456E-A033-EAE8A1ECF126}.Release|Any CPU.Build.0 = Release|Any CPU
	EndGlobalSection
	GlobalSection(SolutionProperties) = preSolution
		HideSolutionNode = FALSE
	EndGlobalSection
	GlobalSection(ExtensibilityGlobals) = postSolution
		SolutionGuid = {AF01A499-9F6F-4F1C-9B5A-22917716B058}
	EndGlobalSection
EndGlobal
