
Microsoft Visual Studio Solution File, Format Version 12.00
# Visual Studio Version 16
VisualStudioVersion = 16.0.32126.315
MinimumVisualStudioVersion = 10.0.40219.1
Project("{FAE04EC0-301F-11D3-BF4B-00C04F79EFBC}") = "ConsoleApp1", "ConsoleApp1.csproj", "{104399E2-2819-48C8-AC43-934EBD4CB3E4}"
EndProject
Global
	GlobalSection(SolutionConfigurationPlatforms) = preSolution
		Debug|Any CPU = Debug|Any CPU
		Release|Any CPU = Release|Any CPU
	EndGlobalSection
	GlobalSection(ProjectConfigurationPlatforms) = postSolution
		{104399E2-2819-48C8-AC43-934EBD4CB3E4}.Debug|Any CPU.ActiveCfg = Debug|Any CPU
		{104399E2-2819-48C8-AC43-934EBD4CB3E4}.Debug|Any CPU.Build.0 = Debug|Any CPU
		{104399E2-2819-48C8-AC43-934EBD4CB3E4}.Release|Any CPU.ActiveCfg = Release|Any CPU
		{104399E2-2819-48C8-AC43-934EBD4CB3E4}.Release|Any CPU.Build.0 = Release|Any CPU
	EndGlobalSection
	GlobalSection(SolutionProperties) = preSolution
		HideSolutionNode = FALSE
	EndGlobalSection
	GlobalSection(ExtensibilityGlobals) = postSolution
		SolutionGuid = {8E0B91C0-B9B9-4CAE-8D71-7BDE39F72C18}
	EndGlobalSection
EndGlobal
