
Microsoft Visual Studio Solution File, Format Version 12.00
# Visual Studio Version 16
VisualStudioVersion = 16.0.32126.315
MinimumVisualStudioVersion = 10.0.40219.1
Project("{FAE04EC0-301F-11D3-BF4B-00C04F79EFBC}") = "MethodSubmission", "MethodSubmission.csproj", "{8F005395-F418-4F7D-B7A6-B092B0BA973A}"
EndProject
Global
	GlobalSection(SolutionConfigurationPlatforms) = preSolution
		Debug|Any CPU = Debug|Any CPU
		Release|Any CPU = Release|Any CPU
	EndGlobalSection
	GlobalSection(ProjectConfigurationPlatforms) = postSolution
		{8F005395-F418-4F7D-B7A6-B092B0BA973A}.Debug|Any CPU.ActiveCfg = Debug|Any CPU
		{8F005395-F418-4F7D-B7A6-B092B0BA973A}.Debug|Any CPU.Build.0 = Debug|Any CPU
		{8F005395-F418-4F7D-B7A6-B092B0BA973A}.Release|Any CPU.ActiveCfg = Release|Any CPU
		{8F005395-F418-4F7D-B7A6-B092B0BA973A}.Release|Any CPU.Build.0 = Release|Any CPU
	EndGlobalSection
	GlobalSection(SolutionProperties) = preSolution
		HideSolutionNode = FALSE
	EndGlobalSection
	GlobalSection(ExtensibilityGlobals) = postSolution
		SolutionGuid = {A45C6330-DACE-4DE7-9625-F6ECEAE84B30}
	EndGlobalSection
EndGlobal
