
Microsoft Visual Studio Solution File, Format Version 12.00
# Visual Studio Version 16
VisualStudioVersion = 16.0.32126.315
MinimumVisualStudioVersion = 10.0.40219.1
Project("{FAE04EC0-301F-11D3-BF4B-00C04F79EFBC}") = "DailyReport", "DailyReport.csproj", "{E081B76D-1B4D-4B70-9656-D42949DA316B}"
EndProject
Global
	GlobalSection(SolutionConfigurationPlatforms) = preSolution
		Debug|Any CPU = Debug|Any CPU
		Release|Any CPU = Release|Any CPU
	EndGlobalSection
	GlobalSection(ProjectConfigurationPlatforms) = postSolution
		{E081B76D-1B4D-4B70-9656-D42949DA316B}.Debug|Any CPU.ActiveCfg = Debug|Any CPU
		{E081B76D-1B4D-4B70-9656-D42949DA316B}.Debug|Any CPU.Build.0 = Debug|Any CPU
		{E081B76D-1B4D-4B70-9656-D42949DA316B}.Release|Any CPU.ActiveCfg = Release|Any CPU
		{E081B76D-1B4D-4B70-9656-D42949DA316B}.Release|Any CPU.Build.0 = Release|Any CPU
	EndGlobalSection
	GlobalSection(SolutionProperties) = preSolution
		HideSolutionNode = FALSE
	EndGlobalSection
	GlobalSection(ExtensibilityGlobals) = postSolution
		SolutionGuid = {129AA774-5B04-4EAB-9582-8D7FB3FA0D8A}
	EndGlobalSection
EndGlobal
