
Microsoft Visual Studio Solution File, Format Version 12.00
# Visual Studio Version 16
VisualStudioVersion = 16.0.32126.315
MinimumVisualStudioVersion = 10.0.40219.1
Project("{FAE04EC0-301F-11D3-BF4B-00C04F79EFBC}") = "CallingMethods", "CallingMethods.csproj", "{13226340-1624-40AF-AEA0-B9275B6642C5}"
EndProject
Global
	GlobalSection(SolutionConfigurationPlatforms) = preSolution
		Debug|Any CPU = Debug|Any CPU
		Release|Any CPU = Release|Any CPU
	EndGlobalSection
	GlobalSection(ProjectConfigurationPlatforms) = postSolution
		{13226340-1624-40AF-AEA0-B9275B6642C5}.Debug|Any CPU.ActiveCfg = Debug|Any CPU
		{13226340-1624-40AF-AEA0-B9275B6642C5}.Debug|Any CPU.Build.0 = Debug|Any CPU
		{13226340-1624-40AF-AEA0-B9275B6642C5}.Release|Any CPU.ActiveCfg = Release|Any CPU
		{13226340-1624-40AF-AEA0-B9275B6642C5}.Release|Any CPU.Build.0 = Release|Any CPU
	EndGlobalSection
	GlobalSection(SolutionProperties) = preSolution
		HideSolutionNode = FALSE
	EndGlobalSection
	GlobalSection(ExtensibilityGlobals) = postSolution
		SolutionGuid = {9A9F3A82-4503-4495-9FEF-6F3631841E3E}
	EndGlobalSection
EndGlobal
